
Microsoft Visual Studio Solution File, Format Version 12.00
# Visual Studio Version 16
VisualStudioVersion = 16.0.29409.12
MinimumVisualStudioVersion = 10.0.40219.1
Project("{FAE04EC0-301F-11D3-BF4B-00C04F79EFBC}") = "Server", "Server\Server.csproj", "{91236492-14B0-4234-BE69-DB559A8D4168}"
EndProject
Global
	GlobalSection(SolutionConfigurationPlatforms) = preSolution
		Debug|Any CPU = Debug|Any CPU
		Release|Any CPU = Release|Any CPU
	EndGlobalSection
	GlobalSection(ProjectConfigurationPlatforms) = postSolution
		{91236492-14B0-4234-BE69-DB559A8D4168}.Debug|Any CPU.ActiveCfg = Debug|Any CPU
		{91236492-14B0-4234-BE69-DB559A8D4168}.Debug|Any CPU.Build.0 = Debug|Any CPU
		{91236492-14B0-4234-BE69-DB559A8D4168}.Release|Any CPU.ActiveCfg = Release|Any CPU
		{91236492-14B0-4234-BE69-DB559A8D4168}.Release|Any CPU.Build.0 = Release|Any CPU
	EndGlobalSection
	GlobalSection(SolutionProperties) = preSolution
		HideSolutionNode = FALSE
	EndGlobalSection
	GlobalSection(ExtensibilityGlobals) = postSolution
		SolutionGuid = {96B5E75B-80E3-4D79-92FD-D935D79C9C5D}
	EndGlobalSection
EndGlobal
